
Microsoft Visual Studio Solution File, Format Version 12.00
# Visual Studio Version 16
VisualStudioVersion = 16.0.29020.237
MinimumVisualStudioVersion = 10.0.40219.1
Project("{FAE04EC0-301F-11D3-BF4B-00C04F79EFBC}") = "PostSystem", "PostSystem\PostSystem.csproj", "{5ADE4A39-D267-4367-8FA5-61DE5BA22BA2}"
EndProject
Global
	GlobalSection(SolutionConfigurationPlatforms) = preSolution
		Debug|Any CPU = Debug|Any CPU
		Release|Any CPU = Release|Any CPU
	EndGlobalSection
	GlobalSection(ProjectConfigurationPlatforms) = postSolution
		{5ADE4A39-D267-4367-8FA5-61DE5BA22BA2}.Debug|Any CPU.ActiveCfg = Debug|Any CPU
		{5ADE4A39-D267-4367-8FA5-61DE5BA22BA2}.Debug|Any CPU.Build.0 = Debug|Any CPU
		{5ADE4A39-D267-4367-8FA5-61DE5BA22BA2}.Release|Any CPU.ActiveCfg = Release|Any CPU
		{5ADE4A39-D267-4367-8FA5-61DE5BA22BA2}.Release|Any CPU.Build.0 = Release|Any CPU
	EndGlobalSection
	GlobalSection(SolutionProperties) = preSolution
		HideSolutionNode = FALSE
	EndGlobalSection
	GlobalSection(ExtensibilityGlobals) = postSolution
		SolutionGuid = {96A62D9E-35F8-406B-A3F1-5EDE176DDA3D}
	EndGlobalSection
EndGlobal
